
Microsoft Visual Studio Solution File, Format Version 12.00
# Visual Studio 15
VisualStudioVersion = 15.0.27428.2027
MinimumVisualStudioVersion = 10.0.40219.1
Project("{FAE04EC0-301F-11D3-BF4B-00C04F79EFBC}") = "ProjetJB2", "ProjetJB2\ProjetJB2.csproj", "{F3677937-0A66-4FBE-87C7-A302BB3AD332}"
EndProject
Global
	GlobalSection(SolutionConfigurationPlatforms) = preSolution
		Debug|Any CPU = Debug|Any CPU
		Release|Any CPU = Release|Any CPU
	EndGlobalSection
	GlobalSection(ProjectConfigurationPlatforms) = postSolution
		{F3677937-0A66-4FBE-87C7-A302BB3AD332}.Debug|Any CPU.ActiveCfg = Debug|Any CPU
		{F3677937-0A66-4FBE-87C7-A302BB3AD332}.Debug|Any CPU.Build.0 = Debug|Any CPU
		{F3677937-0A66-4FBE-87C7-A302BB3AD332}.Release|Any CPU.ActiveCfg = Release|Any CPU
		{F3677937-0A66-4FBE-87C7-A302BB3AD332}.Release|Any CPU.Build.0 = Release|Any CPU
	EndGlobalSection
	GlobalSection(SolutionProperties) = preSolution
		HideSolutionNode = FALSE
	EndGlobalSection
	GlobalSection(ExtensibilityGlobals) = postSolution
		SolutionGuid = {741041E4-7914-4D13-922A-3D20FA4D01E6}
	EndGlobalSection
EndGlobal
